# THIS IS AN AUTOGENERATED FILE. DO NOT EDIT THIS FILE DIRECTLY.
# yarn lockfile v1


bindings@^1.2.1:
  version "1.3.0"
  resolved "https://registry.yarnpkg.com/bindings/-/bindings-1.3.0.tgz#b346f6ecf6a95f5a815c5839fc7cdb22502f1ed7"

bip66@^1.1.3:
  version "1.1.5"
  resolved "https://registry.yarnpkg.com/bip66/-/bip66-1.1.5.tgz#01fa8748785ca70955d5011217d1b3139969ca22"
  dependencies:
    safe-buffer "^5.0.1"

bn.js@^4.10.0, bn.js@^4.11.3, bn.js@^4.4.0, bn.js@^4.8.0:
  version "4.11.8"
  resolved "https://registry.yarnpkg.com/bn.js/-/bn.js-4.11.8.tgz#2cde09eb5ee341f484746bb0309b3253b1b1442f"

brorand@^1.0.1:
  version "1.1.0"
  resolved "https://registry.yarnpkg.com/brorand/-/brorand-1.1.0.tgz#12c25efe40a45e3c323eb8675a0a0ce57b22371f"

browserify-aes@^1.0.6:
  version "1.2.0"
  resolved "http://registry.npmjs.org/browserify-aes/-/browserify-aes-1.2.0.tgz#326734642f403dabc3003209853bb70ad428ef48"
  dependencies:
    buffer-xor "^1.0.3"
    cipher-base "^1.0.0"
    create-hash "^1.1.0"
    evp_bytestokey "^1.0.3"
    inherits "^2.0.1"
    safe-buffer "^5.0.1"

browserify-sha3@^0.0.1:
  version "0.0.1"
  resolved "https://registry.yarnpkg.com/browserify-sha3/-/browserify-sha3-0.0.1.tgz#3ff34a3006ef15c0fb3567e541b91a2340123d11"
  dependencies:
    js-sha3 "^0.3.1"

buffer-xor@^1.0.3:
  version "1.0.3"
  resolved "https://registry.yarnpkg.com/buffer-xor/-/buffer-xor-1.0.3.tgz#26e61ed1422fb70dd42e6e36729ed51d855fe8d9"

cipher-base@^1.0.0, cipher-base@^1.0.1, cipher-base@^1.0.3:
  version "1.0.4"
  resolved "https://registry.yarnpkg.com/cipher-base/-/cipher-base-1.0.4.tgz#8760e4ecc272f4c363532f926d874aae2c1397de"
  dependencies:
    inherits "^2.0.1"
    safe-buffer "^5.0.1"

create-hash@^1.1.0, create-hash@^1.1.2:
  version "1.2.0"
  resolved "http://registry.npmjs.org/create-hash/-/create-hash-1.2.0.tgz#889078af11a63756bcfb59bd221996be3a9ef196"
  dependencies:
    cipher-base "^1.0.1"
    inherits "^2.0.1"
    md5.js "^1.3.4"
    ripemd160 "^2.0.1"
    sha.js "^2.4.0"

create-hmac@^1.1.4:
  version "1.1.7"
  resolved "http://registry.npmjs.org/create-hmac/-/create-hmac-1.1.7.tgz#69170c78b3ab957147b2b8b04572e47ead2243ff"
  dependencies:
    cipher-base "^1.0.3"
    create-hash "^1.1.0"
    inherits "^2.0.1"
    ripemd160 "^2.0.0"
    safe-buffer "^5.0.1"
    sha.js "^2.4.8"

drbg.js@^1.0.1:
  version "1.0.1"
  resolved "https://registry.yarnpkg.com/drbg.js/-/drbg.js-1.0.1.tgz#3e36b6c42b37043823cdbc332d58f31e2445480b"
  dependencies:
    browserify-aes "^1.0.6"
    create-hash "^1.1.2"
    create-hmac "^1.1.4"

elliptic@^6.2.3:
  version "6.4.1"
  resolved "https://registry.yarnpkg.com/elliptic/-/elliptic-6.4.1.tgz#c2d0b7776911b86722c632c3c06c60f2f819939a"
  dependencies:
    bn.js "^4.4.0"
    brorand "^1.0.1"
    hash.js "^1.0.0"
    hmac-drbg "^1.0.0"
    inherits "^2.0.1"
    minimalistic-assert "^1.0.0"
    minimalistic-crypto-utils "^1.0.0"

ethereumjs-abi@^0.6.4:
  version "0.6.5"
  resolved "https://registry.yarnpkg.com/ethereumjs-abi/-/ethereumjs-abi-0.6.5.tgz#5a637ef16ab43473fa72a29ad90871405b3f5241"
  dependencies:
    bn.js "^4.10.0"
    ethereumjs-util "^4.3.0"

ethereumjs-util@^4.3.0:
  version "4.5.0"
  resolved "https://registry.yarnpkg.com/ethereumjs-util/-/ethereumjs-util-4.5.0.tgz#3e9428b317eebda3d7260d854fddda954b1f1bc6"
  dependencies:
    bn.js "^4.8.0"
    create-hash "^1.1.2"
    keccakjs "^0.2.0"
    rlp "^2.0.0"
    secp256k1 "^3.0.1"

evp_bytestokey@^1.0.3:
  version "1.0.3"
  resolved "https://registry.yarnpkg.com/evp_bytestokey/-/evp_bytestokey-1.0.3.tgz#7fcbdb198dc71959432efe13842684e0525acb02"
  dependencies:
    md5.js "^1.3.4"
    safe-buffer "^5.1.1"

hash-base@^3.0.0:
  version "3.0.4"
  resolved "https://registry.yarnpkg.com/hash-base/-/hash-base-3.0.4.tgz#5fc8686847ecd73499403319a6b0a3f3f6ae4918"
  dependencies:
    inherits "^2.0.1"
    safe-buffer "^5.0.1"

hash.js@^1.0.0, hash.js@^1.0.3:
  version "1.1.5"
  resolved "https://registry.yarnpkg.com/hash.js/-/hash.js-1.1.5.tgz#e38ab4b85dfb1e0c40fe9265c0e9b54854c23812"
  dependencies:
    inherits "^2.0.3"
    minimalistic-assert "^1.0.1"

hmac-drbg@^1.0.0:
  version "1.0.1"
  resolved "https://registry.yarnpkg.com/hmac-drbg/-/hmac-drbg-1.0.1.tgz#d2745701025a6c775a6c545793ed502fc0c649a1"
  dependencies:
    hash.js "^1.0.3"
    minimalistic-assert "^1.0.0"
    minimalistic-crypto-utils "^1.0.1"

inherits@^2.0.1, inherits@^2.0.3:
  version "2.0.3"
  resolved "https://registry.yarnpkg.com/inherits/-/inherits-2.0.3.tgz#633c2c83e3da42a502f52466022480f4208261de"

js-sha3@^0.3.1:
  version "0.3.1"
  resolved "https://registry.yarnpkg.com/js-sha3/-/js-sha3-0.3.1.tgz#86122802142f0828502a0d1dee1d95e253bb0243"

keccakjs@^0.2.0:
  version "0.2.1"
  resolved "https://registry.yarnpkg.com/keccakjs/-/keccakjs-0.2.1.tgz#1d633af907ef305bbf9f2fa616d56c44561dfa4d"
  dependencies:
    browserify-sha3 "^0.0.1"
    sha3 "^1.1.0"

md5.js@^1.3.4:
  version "1.3.5"
  resolved "https://registry.yarnpkg.com/md5.js/-/md5.js-1.3.5.tgz#b5d07b8e3216e3e27cd728d72f70d1e6a342005f"
  dependencies:
    hash-base "^3.0.0"
    inherits "^2.0.1"
    safe-buffer "^5.1.2"

minimalistic-assert@^1.0.0, minimalistic-assert@^1.0.1:
  version "1.0.1"
  resolved "https://registry.yarnpkg.com/minimalistic-assert/-/minimalistic-assert-1.0.1.tgz#2e194de044626d4a10e7f7fbc00ce73e83e4d5c7"

minimalistic-crypto-utils@^1.0.0, minimalistic-crypto-utils@^1.0.1:
  version "1.0.1"
  resolved "https://registry.yarnpkg.com/minimalistic-crypto-utils/-/minimalistic-crypto-utils-1.0.1.tgz#f6c00c1c0b082246e5c4d99dfb8c7c083b2b582a"

nan@2.10.0:
  version "2.10.0"
  resolved "http://registry.npmjs.org/nan/-/nan-2.10.0.tgz#96d0cd610ebd58d4b4de9cc0c6828cda99c7548f"

nan@^2.2.1:
  version "2.11.1"
  resolved "https://registry.yarnpkg.com/nan/-/nan-2.11.1.tgz#90e22bccb8ca57ea4cd37cc83d3819b52eea6766"

ripemd160@^2.0.0, ripemd160@^2.0.1:
  version "2.0.2"
  resolved "https://registry.yarnpkg.com/ripemd160/-/ripemd160-2.0.2.tgz#a1c1a6f624751577ba5d07914cbc92850585890c"
  dependencies:
    hash-base "^3.0.0"
    inherits "^2.0.1"

rlp@^2.0.0:
  version "2.1.0"
  resolved "https://registry.yarnpkg.com/rlp/-/rlp-2.1.0.tgz#e4f9886d5a982174f314543831e36e1a658460f9"
  dependencies:
    safe-buffer "^5.1.1"

safe-buffer@^5.0.1, safe-buffer@^5.1.0, safe-buffer@^5.1.1, safe-buffer@^5.1.2:
  version "5.1.2"
  resolved "https://registry.yarnpkg.com/safe-buffer/-/safe-buffer-5.1.2.tgz#991ec69d296e0313747d59bdfd2b745c35f8828d"

secp256k1@^3.0.1:
  version "3.5.2"
  resolved "https://registry.yarnpkg.com/secp256k1/-/secp256k1-3.5.2.tgz#f95f952057310722184fe9c914e6b71281f2f2ae"
  dependencies:
    bindings "^1.2.1"
    bip66 "^1.1.3"
    bn.js "^4.11.3"
    create-hash "^1.1.2"
    drbg.js "^1.0.1"
    elliptic "^6.2.3"
    nan "^2.2.1"
    safe-buffer "^5.1.0"

sha.js@^2.4.0, sha.js@^2.4.8:
  version "2.4.11"
  resolved "http://registry.npmjs.org/sha.js/-/sha.js-2.4.11.tgz#37a5cf0b81ecbc6943de109ba2960d1b26584ae7"
  dependencies:
    inherits "^2.0.1"
    safe-buffer "^5.0.1"

sha3@^1.1.0:
  version "1.2.2"
  resolved "https://registry.yarnpkg.com/sha3/-/sha3-1.2.2.tgz#a66c5098de4c25bc88336ec8b4817d005bca7ba9"
  dependencies:
    nan "2.10.0"

zeppelin-solidity@1.11.0:
  version "1.11.0"
  resolved "https://registry.yarnpkg.com/zeppelin-solidity/-/zeppelin-solidity-1.11.0.tgz#32cf2d86022e98ec7f911f49dd061611aa0daabd"
